{
  "version": "2",
  "remote": {
    "https://deno.land/std@0.152.0/_util/assert.ts": "e94f2eb37cebd7f199952e242c77654e43333c1ac4c5c700e929ea3aa5489f74",
    "https://deno.land/std@0.152.0/_util/os.ts": "3b4c6e27febd119d36a416d7a97bd3b0251b77c88942c8f16ee5953ea13e2e49",
    "https://deno.land/std@0.152.0/async/deferred.ts": "bc18e28108252c9f67dfca2bbc4587c3cbf3aeb6e155f8c864ca8ecff992b98a",
    "https://deno.land/std@0.152.0/bytes/bytes_list.ts": "aba5e2369e77d426b10af1de0dcc4531acecec27f9b9056f4f7bfbf8ac147ab4",
    "https://deno.land/std@0.152.0/bytes/equals.ts": "3c3558c3ae85526f84510aa2b48ab2ad7bdd899e2e0f5b7a8ffc85acb3a6043a",
    "https://deno.land/std@0.152.0/bytes/mod.ts": "763f97d33051cc3f28af1a688dfe2830841192a9fea0cbaa55f927b49d49d0bf",
    "https://deno.land/std@0.152.0/crypto/timing_safe_equal.ts": "82a29b737bc8932d75d7a20c404136089d5d23629e94ba14efa98a8cc066c73e",
    "https://deno.land/std@0.152.0/encoding/base64.ts": "c57868ca7fa2fbe919f57f88a623ad34e3d970d675bdc1ff3a9d02bba7409db2",
    "https://deno.land/std@0.152.0/fmt/colors.ts": "6f9340b7fb8cc25a993a99e5efc56fe81bb5af284ff412129dd06df06f53c0b4",
    "https://deno.land/std@0.152.0/http/_negotiation/common.ts": "410e902f01cdd324e4746e8017595be4fc357d6fc4cd6044f2f808a943d7eaf7",
    "https://deno.land/std@0.152.0/http/_negotiation/encoding.ts": "f749c1d539d139af783e8a7741de5a47a98a5e3c9af82b8af512567ccf5fe632",
    "https://deno.land/std@0.152.0/http/_negotiation/language.ts": "53c306186904d2dace4c624a8822542866ad332a7f40ac90e0af1504f95c63d0",
    "https://deno.land/std@0.152.0/http/_negotiation/media_type.ts": "ecdda87286495f7ff25116858f5088856953e2f1585e593d314e0c71b826a137",
    "https://deno.land/std@0.152.0/http/http_errors.ts": "fe9b7f95f7ee0592c3306f8c7aed03ba53d55d1ef81e00041c1171b9588f46d9",
    "https://deno.land/std@0.152.0/http/http_status.ts": "897575a7d6bc2b9123f6a38ecbc0f03d95a532c5d92029315dc9f508e12526b8",
    "https://deno.land/std@0.152.0/http/negotiation.ts": "f35b1ff2ad4ff9feaa00ac234960b398172768205c8eceaef7f2eafe34716ba2",
    "https://deno.land/std@0.152.0/io/buffer.ts": "bd0c4bf53db4b4be916ca5963e454bddfd3fcd45039041ea161dbf826817822b",
    "https://deno.land/std@0.152.0/io/readers.ts": "45847ad404afd2f605eae1cff193f223462bc55eeb9ae313c2f3db28aada0fd6",
    "https://deno.land/std@0.152.0/io/types.d.ts": "0cae3a62da7a37043661746c65c021058bae020b54e50c0e774916e5d4baee43",
    "https://deno.land/std@0.152.0/media_types/_util.ts": "ce9b4fc4ba1c447dafab619055e20fd88236ca6bdd7834a21f98bd193c3fbfa1",
    "https://deno.land/std@0.152.0/media_types/mod.ts": "3829264ca0610cac40f3214f939d7733483523f82bc1041c51045d7c75fb93b8",
    "https://deno.land/std@0.152.0/media_types/vendor/mime-db.v1.52.0.ts": "724cee25fa40f1a52d3937d6b4fbbfdd7791ff55e1b7ac08d9319d5632c7f5af",
    "https://deno.land/std@0.152.0/path/_constants.ts": "df1db3ffa6dd6d1252cc9617e5d72165cd2483df90e93833e13580687b6083c3",
    "https://deno.land/std@0.152.0/path/_interface.ts": "ee3b431a336b80cf445441109d089b70d87d5e248f4f90ff906820889ecf8d09",
    "https://deno.land/std@0.152.0/path/_util.ts": "c1e9686d0164e29f7d880b2158971d805b6e0efc3110d0b3e24e4b8af2190d2b",
    "https://deno.land/std@0.152.0/path/common.ts": "bee563630abd2d97f99d83c96c2fa0cca7cee103e8cb4e7699ec4d5db7bd2633",
    "https://deno.land/std@0.152.0/path/glob.ts": "cb5255638de1048973c3e69e420c77dc04f75755524cb3b2e160fe9277d939ee",
    "https://deno.land/std@0.152.0/path/mod.ts": "56fec03ad0ebd61b6ab39ddb9b0ddb4c4a5c9f2f4f632e09dd37ec9ebfd722ac",
    "https://deno.land/std@0.152.0/path/posix.ts": "c1f7afe274290ea0b51da07ee205653b2964bd74909a82deb07b69a6cc383aaa",
    "https://deno.land/std@0.152.0/path/separator.ts": "fe1816cb765a8068afb3e8f13ad272351c85cbc739af56dacfc7d93d710fe0f9",
    "https://deno.land/std@0.152.0/path/win32.ts": "bd7549042e37879c68ff2f8576a25950abbfca1d696d41d82c7bca0b7e6f452c",
    "https://deno.land/std@0.152.0/streams/conversion.ts": "fc3db02026183da795fa32ac7549868e9f19c75ba029d4b4c3739af62b48517a",
    "https://deno.land/std@0.152.0/testing/_diff.ts": "029a00560b0d534bc0046f1bce4bd36b3b41ada3f2a3178c85686eb2ff5f1413",
    "https://deno.land/std@0.152.0/testing/_format.ts": "0d8dc79eab15b67cdc532826213bbe05bccfd276ca473a50a3fc7bbfb7260642",
    "https://deno.land/std@0.152.0/testing/asserts.ts": "093735c88f52bbead7f60a1f7a97a2ce4df3c2d5fab00a46956f20b4a5793ccd",
    "https://deno.land/std@0.157.0/fmt/colors.ts": "ff7dc9c9f33a72bd48bc24b21bbc1b4545d8494a431f17894dbc5fe92a938fc4",
    "https://deno.land/std@0.161.0/async/abortable.ts": "87aa7230be8360c24ad437212311c9e8d4328854baec27b4c7abb26e85515c06",
    "https://deno.land/std@0.161.0/async/deadline.ts": "48ac998d7564969f3e6ec6b6f9bf0217ebd00239b1b2292feba61272d5dd58d0",
    "https://deno.land/std@0.161.0/async/debounce.ts": "dc8b92d4a4fe7eac32c924f2b8d3e62112530db70cadce27042689d82970b350",
    "https://deno.land/std@0.161.0/async/deferred.ts": "d8fb253ffde2a056e4889ef7e90f3928f28be9f9294b6505773d33f136aab4e6",
    "https://deno.land/std@0.161.0/async/delay.ts": "0419dfc993752849692d1f9647edf13407c7facc3509b099381be99ffbc9d699",
    "https://deno.land/std@0.161.0/async/mod.ts": "dd0a8ed4f3984ffabe2fcca7c9f466b7932d57b1864ffee148a5d5388316db6b",
    "https://deno.land/std@0.161.0/async/mux_async_iterator.ts": "3447b28a2a582224a3d4d3596bccbba6e85040da3b97ed64012f7decce98d093",
    "https://deno.land/std@0.161.0/async/pool.ts": "ef9eb97b388543acbf0ac32647121e4dbe629236899586c4d4311a8770fbb239",
    "https://deno.land/std@0.161.0/async/tee.ts": "9af3a3e7612af75861308b52249e167f5ebc3dcfc8a1a4d45462d96606ee2b70",
    "https://deno.land/std@0.161.0/http/server.ts": "e99c1bee8a3f6571ee4cdeb2966efad465b8f6fe62bec1bdb59c1f007cc4d155",
    "https://deno.land/x/dotenv@v3.2.0/load.ts": "cbd76a0aee01aad8d09222afaa1dd04b84d9d3e44637503b01bf77a91df9e041",
    "https://deno.land/x/dotenv@v3.2.0/mod.ts": "077b48773de9205266a0b44c3c3a3c3083449ed64bb0b6cc461b95720678d38e",
    "https://deno.land/x/dotenv@v3.2.0/util.ts": "693730877b13f8ead2b79b2aa31e2a0652862f7dc0c5f6d2f313f4d39c7b7670",
    "https://deno.land/x/oak@v11.1.0/application.ts": "0a728331822b8e27727ceec48a8499657c3163fc48fd379a8a9578a75f3cdb62",
    "https://deno.land/x/oak@v11.1.0/body.ts": "78402a4936accb80372c4944384658105604352d6783de7ff1e36b8832dd93c9",
    "https://deno.land/x/oak@v11.1.0/buf_reader.ts": "7cf96aa0ac670b75098113cf88a291a68332cc45efa8a9698f064ac5b8098a0f",
    "https://deno.land/x/oak@v11.1.0/content_disposition.ts": "8b8c3cb2fba7138cd5b7f82fc3b5ea39b33db924a824b28261659db7e164621e",
    "https://deno.land/x/oak@v11.1.0/context.ts": "014d1ce40e62a7901411425541b0d5a08018968a330595bd686f8d00222a35bb",
    "https://deno.land/x/oak@v11.1.0/cookies.ts": "d9f94b99f26c6169c6982ce12323c41a548d001bfc28f464264c22dc3dbf2181",
    "https://deno.land/x/oak@v11.1.0/deps.ts": "b897b0f2bec99cd8b402b279b7f21de955d98cbd72835b6c912be5e11c26148b",
    "https://deno.land/x/oak@v11.1.0/etag.ts": "19918f5e1964e3fe6c9fe524a88ffbf9900ce1dfe4146b187b2a86256bb6b663",
    "https://deno.land/x/oak@v11.1.0/headers.ts": "f50fb05614432bda971021633129aa2e8737e0844e0f01c27a937997b4d8dd4f",
    "https://deno.land/x/oak@v11.1.0/helpers.ts": "42212afa07a560b2958359cc19577417e89d9574d6579551a0af36ff7f00cc6e",
    "https://deno.land/x/oak@v11.1.0/http_request.ts": "0831c828816fcb58a5aa8361c6865c4151f4c8b59fabcef2e2cd235bb28170c5",
    "https://deno.land/x/oak@v11.1.0/http_server_flash.ts": "e312754acad26d3d70f243d657547e697921f67f0a2179dbec41a20a3228fd79",
    "https://deno.land/x/oak@v11.1.0/http_server_native.ts": "549dffcd2db5cbb0e44ad50cf9c54956b42a10450b1ac66e1362e32a073c8c1b",
    "https://deno.land/x/oak@v11.1.0/http_server_native_request.ts": "07910ea2ed51af6c4e69addf9015cdd8d2b5c9ee03fd4993e386834a129a9eb6",
    "https://deno.land/x/oak@v11.1.0/isMediaType.ts": "62d638abcf837ece3a8f07a4b7ca59794135cb0d4b73194c7d5837efd4161005",
    "https://deno.land/x/oak@v11.1.0/keyStack.ts": "fa0d5898fb8ba34de1c9cdcf4b2e8434952dc9931671858d33560368784a22ef",
    "https://deno.land/x/oak@v11.1.0/mediaTyper.ts": "042b853fc8e9c3f6c628dd389e03ef481552bf07242efc3f8a1af042102a6105",
    "https://deno.land/x/oak@v11.1.0/middleware.ts": "de14f045a2ddfe845d89b5d3140ff52cbcc6f3b3965391106ce04480f9786737",
    "https://deno.land/x/oak@v11.1.0/middleware/proxy.ts": "b927232f97ec18af4185d7912e45b1191e3ffe24a9c875262ad524211b1274c9",
    "https://deno.land/x/oak@v11.1.0/mod.ts": "de52855c8f626e30ba683fb265c0a0773ba2f5f117b3549b7d9c857edba58338",
    "https://deno.land/x/oak@v11.1.0/multipart.ts": "98fe9f226de8c26a16d067027b69fb1e34ad8c4055767dd157907d06cea36f9a",
    "https://deno.land/x/oak@v11.1.0/range.ts": "68a6df7ab3b868843e33f52deb94c3d4cab25cb9ef369691990c2ac15b04fafb",
    "https://deno.land/x/oak@v11.1.0/request.ts": "5852ad36389b48e0428a6f3c90854d01f10d1b15949b56001e1e75c2a00ef0f9",
    "https://deno.land/x/oak@v11.1.0/response.ts": "867d81f7eb0c65c7b8e0e0e9e145ededd5b6daa9ad922e6adc6a36a525f439a6",
    "https://deno.land/x/oak@v11.1.0/router.ts": "187522a549f6c179ff01d321882a8bfacbfb7f3e24b004ec4534a3613c7f9b0e",
    "https://deno.land/x/oak@v11.1.0/send.ts": "7ef2591792426d62add91536bb434566d4b224247ca343fdd63e486f9d4e9446",
    "https://deno.land/x/oak@v11.1.0/server_sent_event.ts": "948b0fe4cb3fe38c7db15e476eb3b7671ef20e566d130e9f701d7c0146aa47dd",
    "https://deno.land/x/oak@v11.1.0/structured_clone.ts": "ecf42598652b8082f37252cb873d6e257ad728e6fe73c6bd61f343d94501fbde",
    "https://deno.land/x/oak@v11.1.0/testing.ts": "7612656efd2975f7a2e6848609f5971922dbec46b76372c5c623202fdd7b9a85",
    "https://deno.land/x/oak@v11.1.0/types.d.ts": "41951a18c3bfdb11e40707cab75da078ba8a4907cd7d4e11d8536bc2db0dde05",
    "https://deno.land/x/oak@v11.1.0/util.ts": "3af8c4ed04c6cc2bedbe66e562a77fc59c72df31c55a902a63885861ca1639d6",
    "https://deno.land/x/path_to_regexp@v6.2.1/index.ts": "894060567837bae8fc9c5cbd4d0a05e9024672083d5883b525c031eea940e556",
    "https://deno.land/x/telegram_bot_api@0.4.0/mod.ts": "18291c9e4f6b1be988b16554529f229cb709acc623083ffad24746b31a9426dd",
    "https://deno.land/x/telegram_bot_api@0.4.0/src/telegram-bot/run-params.ts": "d9084fa1c9390f3f72554e109973746261160cd7c5e75781f952c90299e7fba5",
    "https://deno.land/x/telegram_bot_api@0.4.0/src/telegram-bot/telegram-api.ts": "40567316b349e3999120638f108ad3be509d58eecf64aeed1d9f31c8624f239a",
    "https://deno.land/x/telegram_bot_api@0.4.0/src/telegram-bot/telegram-bot.ts": "6acb2bfef4aa668c9d4575dd6490ab933f6541116cce0b5d29c88c6b6441bf0f",
    "https://deno.land/x/telegram_bot_api@0.4.0/src/telegram-bot/utils.ts": "7846c7729bfa5eb4d7c73e7db85f00f8e9e12b5b729915ec7a4e53df8a40d8b2",
    "https://deno.land/x/telegram_bot_api@0.4.0/src/types/common/methods.ts": "501f6611a0bb925231f0855422aa5b3285382898ea83f571073a1769aff0c682",
    "https://deno.land/x/telegram_bot_api@0.4.0/src/types/common/objects.ts": "221d706845731820a8ba1150a34a9eecec83ee333c6034ba1a8a0ae60ab08a53",
    "https://deno.land/x/telegram_bot_api@0.4.0/src/types/games/methods.ts": "dadda90ed6e5038f935e659e63a34b887a92516d05d4b9c7abe977d7c8539454",
    "https://deno.land/x/telegram_bot_api@0.4.0/src/types/games/objects.ts": "0aa122dd6d6f31e4ab9cddf64006a57f144248abeef871b8686266e8429d0aec",
    "https://deno.land/x/telegram_bot_api@0.4.0/src/types/getting-updates/methods.ts": "7280f2f64bb8228842333c555702c37a2f156c7a8cde4719d72cf3ff706fc47a",
    "https://deno.land/x/telegram_bot_api@0.4.0/src/types/getting-updates/objects.ts": "bfe7fe9d44e2dff077c4d45ccdb8a81297da1bc43fff1b7f47386c87c6cfc0ff",
    "https://deno.land/x/telegram_bot_api@0.4.0/src/types/getting-updates/update-helpers.ts": "9b9098777853d3204432036bd4e3582fb7de5a1608da1350d184204e1b6da0fb",
    "https://deno.land/x/telegram_bot_api@0.4.0/src/types/inline-mode/methods.ts": "37a3ac02ac3bee90cbd140bf9983e0dde732e8558b75cc9d15146ad842d75c29",
    "https://deno.land/x/telegram_bot_api@0.4.0/src/types/inline-mode/objects.ts": "a009f9950e0416881ea96438290f1986d7e749a5ff819a59f148cbf33176e24b",
    "https://deno.land/x/telegram_bot_api@0.4.0/src/types/method.ts": "534c634a47ef9fc1938adb520edc0a1a8b0682eb31214b478e13fc733b03b2cb",
    "https://deno.land/x/telegram_bot_api@0.4.0/src/types/passport/methods.ts": "6b5d5350ca66faa3d31f6951b0a0c92d36b8769ae4cd0717a5208b55dc72adef",
    "https://deno.land/x/telegram_bot_api@0.4.0/src/types/passport/objects.ts": "e5a52273d0aef44241c2bcd949ce02952b491ba4730b361aaed3ac4260c1e81b",
    "https://deno.land/x/telegram_bot_api@0.4.0/src/types/payments/methods.ts": "da927afe1df2c1d7f94c63798fd2f5702abedc81f6060b1b8f7182ade2312878",
    "https://deno.land/x/telegram_bot_api@0.4.0/src/types/payments/objects.ts": "1662eded016088c152aaa86f6ebd034de05820c1e4a29ef9f2043b3b8f3903da",
    "https://deno.land/x/telegram_bot_api@0.4.0/src/types/stickers/methods.ts": "df0a90b774d7eb2a0e0c4f3393bc5748d28fe7ed5217a199f889c869b34922d7",
    "https://deno.land/x/telegram_bot_api@0.4.0/src/types/stickers/objects.ts": "4ab96a775a114d143b18ef1576d198e4e8d1067309cf6425e93f042d28ba52d4",
    "https://deno.land/x/telegram_bot_api@0.4.0/src/types/updating-messages/methods.ts": "7f1789b1d86b8f0b14cf36ebf04fd4f9eb5ed2054a98b4b53cee2cb384441b07",
    "https://deno.land/x/telegram_bot_api@0.4.0/src/types/utils.ts": "2fa0f1e44e45e21e4b160ee8a9d24e2c821796c6d2721a13a2b6378fa710a4e5",
    "https://deno.land/x/telegram_bot_api@0.4.0/src/updates-strategy/polling.ts": "c1cf7c81f7ab07ed27476acad13e5960395a16f0d9c29aa0939b71ffb139198b",
    "https://deno.land/x/telegram_bot_api@0.4.0/src/updates-strategy/updates-strategy.ts": "880e174bf9ac56d6893cb2a4e5935f98e56993598b7059ef07cbc481b456532d",
    "https://deno.land/x/telegram_bot_api@0.4.0/src/updates-strategy/webhook-server.ts": "12f627e63bc648aa1a9bb160aaac589519d7962f4b8f9420d7b7e6ca387e3fb1"
  },
  "npm": {
    "specifiers": { "chatgpt": "chatgpt@2.0.5" },
    "packages": {
      "@types/debug@4.1.7": {
        "integrity": "sha512-9AonUzyTjXXhEOa0DnqpzZi6VHlqKMswga9EXjpXnnqxwLtdvPPtlO8evrI5D9S6asFRCQ6v+wpiUKbw+vKqyg==",
        "dependencies": { "@types/ms": "@types/ms@0.7.31" }
      },
      "@types/mdast@3.0.10": {
        "integrity": "sha512-W864tg/Osz1+9f4lrGTZpCSO5/z4608eUp19tbozkq2HJK6i3z1kT0H9tlADXuYIb1YYOBByU4Jsqkk75q48qA==",
        "dependencies": { "@types/unist": "@types/unist@2.0.6" }
      },
      "@types/ms@0.7.31": {
        "integrity": "sha512-iiUgKzV9AuaEkZqkOLDIvlQiL6ltuZd9tGcW3gwpnX8JbuiuhFlEGmmFXEXkN50Cvq7Os88IY2v0dkDqXYWVgA==",
        "dependencies": {}
      },
      "@types/unist@2.0.6": {
        "integrity": "sha512-PBjIUxZHOuj0R15/xuwJYjFi+KZdNFrehocChv4g5hu6aFroHue8m0lBP0POdK2nKzbw0cgV1mws8+V/JAcEkQ==",
        "dependencies": {}
      },
      "bail@2.0.2": {
        "integrity": "sha512-0xO6mYd7JB2YesxDKplafRpsiOzPt9V02ddPCLbY1xYGPOX24NTyN50qnUxgCPcSoYMhKpAuBTjQoRZCAkUDRw==",
        "dependencies": {}
      },
      "busboy@1.6.0": {
        "integrity": "sha512-8SFQbg/0hQ9xy3UNTB0YEnsNBbWfhf7RtnzpL7TkBiTBRfrQ9Fxcnz7VJsleJpyp6rVLvXiuORqjlHi5q+PYuA==",
        "dependencies": { "streamsearch": "streamsearch@1.1.0" }
      },
      "character-entities@2.0.2": {
        "integrity": "sha512-shx7oQ0Awen/BRIdkjkvz54PnEEI/EjwXDSIZp86/KKdbafHh1Df/RYGBhn4hbe2+uKC9FnT5UCEdyPz3ai9hQ==",
        "dependencies": {}
      },
      "chatgpt@2.0.5": {
        "integrity": "sha512-eVswcmvAfYcYh3TK8ryP7305lnvUJXM4CTLayEtFoS25Ovd9mNsOYJPWYLa/B10+ClEOWpeRe1cLR9VssY6STQ==",
        "dependencies": {
          "eventsource-parser": "eventsource-parser@0.0.5",
          "expiry-map": "expiry-map@2.0.0",
          "p-timeout": "p-timeout@6.0.0",
          "remark": "remark@14.0.2",
          "strip-markdown": "strip-markdown@5.0.0",
          "undici": "undici@5.14.0",
          "uuid": "uuid@9.0.0"
        }
      },
      "debug@4.3.4": {
        "integrity": "sha512-PRWFHuSU3eDtQJPvnNY7Jcket1j0t5OuOsFzPPzsekD52Zl8qUfFIPEiswXqIvHWGVHOgX+7G/vCNNhehwxfkQ==",
        "dependencies": { "ms": "ms@2.1.2" }
      },
      "decode-named-character-reference@1.0.2": {
        "integrity": "sha512-O8x12RzrUF8xyVcY0KJowWsmaJxQbmy0/EtnNtHRpsOcT7dFk5W598coHqBVpmWo1oQQfsCqfCmkZN5DJrZVdg==",
        "dependencies": { "character-entities": "character-entities@2.0.2" }
      },
      "dequal@2.0.3": {
        "integrity": "sha512-0je+qPKHEMohvfRTCEo3CrPG6cAzAYgmzKyxRiYSSDkS6eGJdyVJm7WaYA5ECaAD9wLB2T4EEeymA5aFVcYXCA==",
        "dependencies": {}
      },
      "diff@5.1.0": {
        "integrity": "sha512-D+mk+qE8VC/PAUrlAU34N+VfXev0ghe5ywmpqrawphmVZc1bEfn56uo9qpyGp1p4xpzOHkSW4ztBd6L7Xx4ACw==",
        "dependencies": {}
      },
      "eventsource-parser@0.0.5": {
        "integrity": "sha512-BAq82bC3ZW9fPYYZlofXBOAfbpmDzXIOsj+GOehQwgTUYsQZ6HtHs6zuRtge7Ph8OhS6lNH1kJF8q9dj17RcmA==",
        "dependencies": {}
      },
      "expiry-map@2.0.0": {
        "integrity": "sha512-K1I5wJe2fiqjyUZf/xhxwTpaopw3F+19DsO7Oggl20+3SVTXDIevVRJav0aBMfposQdkl2E4+gnuOKd3j2X0sA==",
        "dependencies": { "map-age-cleaner": "map-age-cleaner@0.2.0" }
      },
      "extend@3.0.2": {
        "integrity": "sha512-fjquC59cD7CyW6urNXK0FBufkZcoiGG80wTuPujX590cB5Ttln20E2UB4S/WARVqhXffZl2LNgS+gQdPIIim/g==",
        "dependencies": {}
      },
      "is-buffer@2.0.5": {
        "integrity": "sha512-i2R6zNFDwgEHJyQUtJEk0XFi1i0dPFn/oqjK3/vPCcDeJvW5NQ83V8QbicfF1SupOaB0h8ntgBC2YiE7dfyctQ==",
        "dependencies": {}
      },
      "is-plain-obj@4.1.0": {
        "integrity": "sha512-+Pgi+vMuUNkJyExiMBt5IlFoMyKnr5zhJ4Uspz58WOhBF5QoIZkFyNHIbBAtHwzVAgk5RtndVNsDRN61/mmDqg==",
        "dependencies": {}
      },
      "kleur@4.1.5": {
        "integrity": "sha512-o+NO+8WrRiQEE4/7nwRJhN1HWpVmJm511pBHUxPLtp0BUISzlBplORYSmTclCnJvQq2tKu/sgl3xVpkc7ZWuQQ==",
        "dependencies": {}
      },
      "longest-streak@3.1.0": {
        "integrity": "sha512-9Ri+o0JYgehTaVBBDoMqIl8GXtbWg711O3srftcHhZ0dqnETqLaoIK0x17fUw9rFSlK/0NlsKe0Ahhyl5pXE2g==",
        "dependencies": {}
      },
      "map-age-cleaner@0.2.0": {
        "integrity": "sha512-AvxTC6id0fzSf6OyNBTp1syyCuKO7nOJvHgYlhT0Qkkjvk40zZo+av3ayVgXlxnF/DxEzEfY9mMdd7FHsd+wKQ==",
        "dependencies": { "p-defer": "p-defer@1.0.0" }
      },
      "mdast-util-from-markdown@1.2.0": {
        "integrity": "sha512-iZJyyvKD1+K7QX1b5jXdE7Sc5dtoTry1vzV28UZZe8Z1xVnB/czKntJ7ZAkG0tANqRnBF6p3p7GpU1y19DTf2Q==",
        "dependencies": {
          "@types/mdast": "@types/mdast@3.0.10",
          "@types/unist": "@types/unist@2.0.6",
          "decode-named-character-reference": "decode-named-character-reference@1.0.2",
          "mdast-util-to-string": "mdast-util-to-string@3.1.0",
          "micromark": "micromark@3.1.0",
          "micromark-util-decode-numeric-character-reference": "micromark-util-decode-numeric-character-reference@1.0.0",
          "micromark-util-decode-string": "micromark-util-decode-string@1.0.2",
          "micromark-util-normalize-identifier": "micromark-util-normalize-identifier@1.0.0",
          "micromark-util-symbol": "micromark-util-symbol@1.0.1",
          "micromark-util-types": "micromark-util-types@1.0.2",
          "unist-util-stringify-position": "unist-util-stringify-position@3.0.2",
          "uvu": "uvu@0.5.6"
        }
      },
      "mdast-util-to-markdown@1.3.0": {
        "integrity": "sha512-6tUSs4r+KK4JGTTiQ7FfHmVOaDrLQJPmpjD6wPMlHGUVXoG9Vjc3jIeP+uyBWRf8clwB2blM+W7+KrlMYQnftA==",
        "dependencies": {
          "@types/mdast": "@types/mdast@3.0.10",
          "@types/unist": "@types/unist@2.0.6",
          "longest-streak": "longest-streak@3.1.0",
          "mdast-util-to-string": "mdast-util-to-string@3.1.0",
          "micromark-util-decode-string": "micromark-util-decode-string@1.0.2",
          "unist-util-visit": "unist-util-visit@4.1.1",
          "zwitch": "zwitch@2.0.4"
        }
      },
      "mdast-util-to-string@3.1.0": {
        "integrity": "sha512-n4Vypz/DZgwo0iMHLQL49dJzlp7YtAJP+N07MZHpjPf/5XJuHUWstviF4Mn2jEiR/GNmtnRRqnwsXExk3igfFA==",
        "dependencies": {}
      },
      "micromark-core-commonmark@1.0.6": {
        "integrity": "sha512-K+PkJTxqjFfSNkfAhp4GB+cZPfQd6dxtTXnf+RjZOV7T4EEXnvgzOcnp+eSTmpGk9d1S9sL6/lqrgSNn/s0HZA==",
        "dependencies": {
          "decode-named-character-reference": "decode-named-character-reference@1.0.2",
          "micromark-factory-destination": "micromark-factory-destination@1.0.0",
          "micromark-factory-label": "micromark-factory-label@1.0.2",
          "micromark-factory-space": "micromark-factory-space@1.0.0",
          "micromark-factory-title": "micromark-factory-title@1.0.2",
          "micromark-factory-whitespace": "micromark-factory-whitespace@1.0.0",
          "micromark-util-character": "micromark-util-character@1.1.0",
          "micromark-util-chunked": "micromark-util-chunked@1.0.0",
          "micromark-util-classify-character": "micromark-util-classify-character@1.0.0",
          "micromark-util-html-tag-name": "micromark-util-html-tag-name@1.1.0",
          "micromark-util-normalize-identifier": "micromark-util-normalize-identifier@1.0.0",
          "micromark-util-resolve-all": "micromark-util-resolve-all@1.0.0",
          "micromark-util-subtokenize": "micromark-util-subtokenize@1.0.2",
          "micromark-util-symbol": "micromark-util-symbol@1.0.1",
          "micromark-util-types": "micromark-util-types@1.0.2",
          "uvu": "uvu@0.5.6"
        }
      },
      "micromark-factory-destination@1.0.0": {
        "integrity": "sha512-eUBA7Rs1/xtTVun9TmV3gjfPz2wEwgK5R5xcbIM5ZYAtvGF6JkyaDsj0agx8urXnO31tEO6Ug83iVH3tdedLnw==",
        "dependencies": {
          "micromark-util-character": "micromark-util-character@1.1.0",
          "micromark-util-symbol": "micromark-util-symbol@1.0.1",
          "micromark-util-types": "micromark-util-types@1.0.2"
        }
      },
      "micromark-factory-label@1.0.2": {
        "integrity": "sha512-CTIwxlOnU7dEshXDQ+dsr2n+yxpP0+fn271pu0bwDIS8uqfFcumXpj5mLn3hSC8iw2MUr6Gx8EcKng1dD7i6hg==",
        "dependencies": {
          "micromark-util-character": "micromark-util-character@1.1.0",
          "micromark-util-symbol": "micromark-util-symbol@1.0.1",
          "micromark-util-types": "micromark-util-types@1.0.2",
          "uvu": "uvu@0.5.6"
        }
      },
      "micromark-factory-space@1.0.0": {
        "integrity": "sha512-qUmqs4kj9a5yBnk3JMLyjtWYN6Mzfcx8uJfi5XAveBniDevmZasdGBba5b4QsvRcAkmvGo5ACmSUmyGiKTLZew==",
        "dependencies": {
          "micromark-util-character": "micromark-util-character@1.1.0",
          "micromark-util-types": "micromark-util-types@1.0.2"
        }
      },
      "micromark-factory-title@1.0.2": {
        "integrity": "sha512-zily+Nr4yFqgMGRKLpTVsNl5L4PMu485fGFDOQJQBl2NFpjGte1e86zC0da93wf97jrc4+2G2GQudFMHn3IX+A==",
        "dependencies": {
          "micromark-factory-space": "micromark-factory-space@1.0.0",
          "micromark-util-character": "micromark-util-character@1.1.0",
          "micromark-util-symbol": "micromark-util-symbol@1.0.1",
          "micromark-util-types": "micromark-util-types@1.0.2",
          "uvu": "uvu@0.5.6"
        }
      },
      "micromark-factory-whitespace@1.0.0": {
        "integrity": "sha512-Qx7uEyahU1lt1RnsECBiuEbfr9INjQTGa6Err+gF3g0Tx4YEviPbqqGKNv/NrBaE7dVHdn1bVZKM/n5I/Bak7A==",
        "dependencies": {
          "micromark-factory-space": "micromark-factory-space@1.0.0",
          "micromark-util-character": "micromark-util-character@1.1.0",
          "micromark-util-symbol": "micromark-util-symbol@1.0.1",
          "micromark-util-types": "micromark-util-types@1.0.2"
        }
      },
      "micromark-util-character@1.1.0": {
        "integrity": "sha512-agJ5B3unGNJ9rJvADMJ5ZiYjBRyDpzKAOk01Kpi1TKhlT1APx3XZk6eN7RtSz1erbWHC2L8T3xLZ81wdtGRZzg==",
        "dependencies": {
          "micromark-util-symbol": "micromark-util-symbol@1.0.1",
          "micromark-util-types": "micromark-util-types@1.0.2"
        }
      },
      "micromark-util-chunked@1.0.0": {
        "integrity": "sha512-5e8xTis5tEZKgesfbQMKRCyzvffRRUX+lK/y+DvsMFdabAicPkkZV6gO+FEWi9RfuKKoxxPwNL+dFF0SMImc1g==",
        "dependencies": {
          "micromark-util-symbol": "micromark-util-symbol@1.0.1"
        }
      },
      "micromark-util-classify-character@1.0.0": {
        "integrity": "sha512-F8oW2KKrQRb3vS5ud5HIqBVkCqQi224Nm55o5wYLzY/9PwHGXC01tr3d7+TqHHz6zrKQ72Okwtvm/xQm6OVNZA==",
        "dependencies": {
          "micromark-util-character": "micromark-util-character@1.1.0",
          "micromark-util-symbol": "micromark-util-symbol@1.0.1",
          "micromark-util-types": "micromark-util-types@1.0.2"
        }
      },
      "micromark-util-combine-extensions@1.0.0": {
        "integrity": "sha512-J8H058vFBdo/6+AsjHp2NF7AJ02SZtWaVUjsayNFeAiydTxUwViQPxN0Hf8dp4FmCQi0UUFovFsEyRSUmFH3MA==",
        "dependencies": {
          "micromark-util-chunked": "micromark-util-chunked@1.0.0",
          "micromark-util-types": "micromark-util-types@1.0.2"
        }
      },
      "micromark-util-decode-numeric-character-reference@1.0.0": {
        "integrity": "sha512-OzO9AI5VUtrTD7KSdagf4MWgHMtET17Ua1fIpXTpuhclCqD8egFWo85GxSGvxgkGS74bEahvtM0WP0HjvV0e4w==",
        "dependencies": {
          "micromark-util-symbol": "micromark-util-symbol@1.0.1"
        }
      },
      "micromark-util-decode-string@1.0.2": {
        "integrity": "sha512-DLT5Ho02qr6QWVNYbRZ3RYOSSWWFuH3tJexd3dgN1odEuPNxCngTCXJum7+ViRAd9BbdxCvMToPOD/IvVhzG6Q==",
        "dependencies": {
          "decode-named-character-reference": "decode-named-character-reference@1.0.2",
          "micromark-util-character": "micromark-util-character@1.1.0",
          "micromark-util-decode-numeric-character-reference": "micromark-util-decode-numeric-character-reference@1.0.0",
          "micromark-util-symbol": "micromark-util-symbol@1.0.1"
        }
      },
      "micromark-util-encode@1.0.1": {
        "integrity": "sha512-U2s5YdnAYexjKDel31SVMPbfi+eF8y1U4pfiRW/Y8EFVCy/vgxk/2wWTxzcqE71LHtCuCzlBDRU2a5CQ5j+mQA==",
        "dependencies": {}
      },
      "micromark-util-html-tag-name@1.1.0": {
        "integrity": "sha512-BKlClMmYROy9UiV03SwNmckkjn8QHVaWkqoAqzivabvdGcwNGMMMH/5szAnywmsTBUzDsU57/mFi0sp4BQO6dA==",
        "dependencies": {}
      },
      "micromark-util-normalize-identifier@1.0.0": {
        "integrity": "sha512-yg+zrL14bBTFrQ7n35CmByWUTFsgst5JhA4gJYoty4Dqzj4Z4Fr/DHekSS5aLfH9bdlfnSvKAWsAgJhIbogyBg==",
        "dependencies": {
          "micromark-util-symbol": "micromark-util-symbol@1.0.1"
        }
      },
      "micromark-util-resolve-all@1.0.0": {
        "integrity": "sha512-CB/AGk98u50k42kvgaMM94wzBqozSzDDaonKU7P7jwQIuH2RU0TeBqGYJz2WY1UdihhjweivStrJ2JdkdEmcfw==",
        "dependencies": { "micromark-util-types": "micromark-util-types@1.0.2" }
      },
      "micromark-util-sanitize-uri@1.1.0": {
        "integrity": "sha512-RoxtuSCX6sUNtxhbmsEFQfWzs8VN7cTctmBPvYivo98xb/kDEoTCtJQX5wyzIYEmk/lvNFTat4hL8oW0KndFpg==",
        "dependencies": {
          "micromark-util-character": "micromark-util-character@1.1.0",
          "micromark-util-encode": "micromark-util-encode@1.0.1",
          "micromark-util-symbol": "micromark-util-symbol@1.0.1"
        }
      },
      "micromark-util-subtokenize@1.0.2": {
        "integrity": "sha512-d90uqCnXp/cy4G881Ub4psE57Sf8YD0pim9QdjCRNjfas2M1u6Lbt+XZK9gnHL2XFhnozZiEdCa9CNfXSfQ6xA==",
        "dependencies": {
          "micromark-util-chunked": "micromark-util-chunked@1.0.0",
          "micromark-util-symbol": "micromark-util-symbol@1.0.1",
          "micromark-util-types": "micromark-util-types@1.0.2",
          "uvu": "uvu@0.5.6"
        }
      },
      "micromark-util-symbol@1.0.1": {
        "integrity": "sha512-oKDEMK2u5qqAptasDAwWDXq0tG9AssVwAx3E9bBF3t/shRIGsWIRG+cGafs2p/SnDSOecnt6hZPCE2o6lHfFmQ==",
        "dependencies": {}
      },
      "micromark-util-types@1.0.2": {
        "integrity": "sha512-DCfg/T8fcrhrRKTPjRrw/5LLvdGV7BHySf/1LOZx7TzWZdYRjogNtyNq885z3nNallwr3QUKARjqvHqX1/7t+w==",
        "dependencies": {}
      },
      "micromark@3.1.0": {
        "integrity": "sha512-6Mj0yHLdUZjHnOPgr5xfWIMqMWS12zDN6iws9SLuSz76W8jTtAv24MN4/CL7gJrl5vtxGInkkqDv/JIoRsQOvA==",
        "dependencies": {
          "@types/debug": "@types/debug@4.1.7",
          "debug": "debug@4.3.4",
          "decode-named-character-reference": "decode-named-character-reference@1.0.2",
          "micromark-core-commonmark": "micromark-core-commonmark@1.0.6",
          "micromark-factory-space": "micromark-factory-space@1.0.0",
          "micromark-util-character": "micromark-util-character@1.1.0",
          "micromark-util-chunked": "micromark-util-chunked@1.0.0",
          "micromark-util-combine-extensions": "micromark-util-combine-extensions@1.0.0",
          "micromark-util-decode-numeric-character-reference": "micromark-util-decode-numeric-character-reference@1.0.0",
          "micromark-util-encode": "micromark-util-encode@1.0.1",
          "micromark-util-normalize-identifier": "micromark-util-normalize-identifier@1.0.0",
          "micromark-util-resolve-all": "micromark-util-resolve-all@1.0.0",
          "micromark-util-sanitize-uri": "micromark-util-sanitize-uri@1.1.0",
          "micromark-util-subtokenize": "micromark-util-subtokenize@1.0.2",
          "micromark-util-symbol": "micromark-util-symbol@1.0.1",
          "micromark-util-types": "micromark-util-types@1.0.2",
          "uvu": "uvu@0.5.6"
        }
      },
      "mri@1.2.0": {
        "integrity": "sha512-tzzskb3bG8LvYGFF/mDTpq3jpI6Q9wc3LEmBaghu+DdCssd1FakN7Bc0hVNmEyGq1bq3RgfkCb3cmQLpNPOroA==",
        "dependencies": {}
      },
      "ms@2.1.2": {
        "integrity": "sha512-sGkPx+VjMtmA6MX27oA4FBFELFCZZ4S4XqeGOXCv68tT+jb3vk/RyaKWP0PTKyWtmLSM0b+adUTEvbs1PEaH2w==",
        "dependencies": {}
      },
      "p-defer@1.0.0": {
        "integrity": "sha512-wB3wfAxZpk2AzOfUMJNL+d36xothRSyj8EXOa4f6GMqYDN9BJaaSISbsk+wS9abmnebVw95C2Kb5t85UmpCxuw==",
        "dependencies": {}
      },
      "p-timeout@6.0.0": {
        "integrity": "sha512-5iS61MOdUMemWH9CORQRxVXTp9g5K8rPnI9uQpo97aWgsH3vVXKjkIhDi+OgIDmN3Ly9+AZ2fZV01Wut1yzfKA==",
        "dependencies": {}
      },
      "remark-parse@10.0.1": {
        "integrity": "sha512-1fUyHr2jLsVOkhbvPRBJ5zTKZZyD6yZzYaWCS6BPBdQ8vEMBCH+9zNCDA6tET/zHCi/jLqjCWtlJZUPk+DbnFw==",
        "dependencies": {
          "@types/mdast": "@types/mdast@3.0.10",
          "mdast-util-from-markdown": "mdast-util-from-markdown@1.2.0",
          "unified": "unified@10.1.2"
        }
      },
      "remark-stringify@10.0.2": {
        "integrity": "sha512-6wV3pvbPvHkbNnWB0wdDvVFHOe1hBRAx1Q/5g/EpH4RppAII6J8Gnwe7VbHuXaoKIF6LAg6ExTel/+kNqSQ7lw==",
        "dependencies": {
          "@types/mdast": "@types/mdast@3.0.10",
          "mdast-util-to-markdown": "mdast-util-to-markdown@1.3.0",
          "unified": "unified@10.1.2"
        }
      },
      "remark@14.0.2": {
        "integrity": "sha512-A3ARm2V4BgiRXaUo5K0dRvJ1lbogrbXnhkJRmD0yw092/Yl0kOCZt1k9ZeElEwkZsWGsMumz6qL5MfNJH9nOBA==",
        "dependencies": {
          "@types/mdast": "@types/mdast@3.0.10",
          "remark-parse": "remark-parse@10.0.1",
          "remark-stringify": "remark-stringify@10.0.2",
          "unified": "unified@10.1.2"
        }
      },
      "sade@1.8.1": {
        "integrity": "sha512-xal3CZX1Xlo/k4ApwCFrHVACi9fBqJ7V+mwhBsuf/1IOKbBy098Fex+Wa/5QMubw09pSZ/u8EY8PWgevJsXp1A==",
        "dependencies": { "mri": "mri@1.2.0" }
      },
      "streamsearch@1.1.0": {
        "integrity": "sha512-Mcc5wHehp9aXz1ax6bZUyY5afg9u2rv5cqQI3mRrYkGC8rW2hM02jWuwjtL++LS5qinSyhj2QfLyNsuc+VsExg==",
        "dependencies": {}
      },
      "strip-markdown@5.0.0": {
        "integrity": "sha512-PXSts6Ta9A/TwGxVVSRlQs1ukJTAwwtbip2OheJEjPyfykaQ4sJSTnQWjLTI2vYWNts/R/91/csagp15W8n9gA==",
        "dependencies": {
          "@types/mdast": "@types/mdast@3.0.10",
          "@types/unist": "@types/unist@2.0.6",
          "unified": "unified@10.1.2"
        }
      },
      "trough@2.1.0": {
        "integrity": "sha512-AqTiAOLcj85xS7vQ8QkAV41hPDIJ71XJB4RCUrzo/1GM2CQwhkJGaf9Hgr7BOugMRpgGUrqRg/DrBDl4H40+8g==",
        "dependencies": {}
      },
      "undici@5.14.0": {
        "integrity": "sha512-yJlHYw6yXPPsuOH0x2Ib1Km61vu4hLiRRQoafs+WUgX1vO64vgnxiCEN9dpIrhZyHFsai3F0AEj4P9zy19enEQ==",
        "dependencies": { "busboy": "busboy@1.6.0" }
      },
      "unified@10.1.2": {
        "integrity": "sha512-pUSWAi/RAnVy1Pif2kAoeWNBa3JVrx0MId2LASj8G+7AiHWoKZNTomq6LG326T68U7/e263X6fTdcXIy7XnF7Q==",
        "dependencies": {
          "@types/unist": "@types/unist@2.0.6",
          "bail": "bail@2.0.2",
          "extend": "extend@3.0.2",
          "is-buffer": "is-buffer@2.0.5",
          "is-plain-obj": "is-plain-obj@4.1.0",
          "trough": "trough@2.1.0",
          "vfile": "vfile@5.3.6"
        }
      },
      "unist-util-is@5.1.1": {
        "integrity": "sha512-F5CZ68eYzuSvJjGhCLPL3cYx45IxkqXSetCcRgUXtbcm50X2L9oOWQlfUfDdAf+6Pd27YDblBfdtmsThXmwpbQ==",
        "dependencies": {}
      },
      "unist-util-stringify-position@3.0.2": {
        "integrity": "sha512-7A6eiDCs9UtjcwZOcCpM4aPII3bAAGv13E96IkawkOAW0OhH+yRxtY0lzo8KiHpzEMfH7Q+FizUmwp8Iqy5EWg==",
        "dependencies": { "@types/unist": "@types/unist@2.0.6" }
      },
      "unist-util-visit-parents@5.1.1": {
        "integrity": "sha512-gks4baapT/kNRaWxuGkl5BIhoanZo7sC/cUT/JToSRNL1dYoXRFl75d++NkjYk4TAu2uv2Px+l8guMajogeuiw==",
        "dependencies": {
          "@types/unist": "@types/unist@2.0.6",
          "unist-util-is": "unist-util-is@5.1.1"
        }
      },
      "unist-util-visit@4.1.1": {
        "integrity": "sha512-n9KN3WV9k4h1DxYR1LoajgN93wpEi/7ZplVe02IoB4gH5ctI1AaF2670BLHQYbwj+pY83gFtyeySFiyMHJklrg==",
        "dependencies": {
          "@types/unist": "@types/unist@2.0.6",
          "unist-util-is": "unist-util-is@5.1.1",
          "unist-util-visit-parents": "unist-util-visit-parents@5.1.1"
        }
      },
      "uuid@9.0.0": {
        "integrity": "sha512-MXcSTerfPa4uqyzStbRoTgt5XIe3x5+42+q1sDuy3R5MDk66URdLMOZe5aPX/SQd+kuYAh0FdP/pO28IkQyTeg==",
        "dependencies": {}
      },
      "uvu@0.5.6": {
        "integrity": "sha512-+g8ENReyr8YsOc6fv/NVJs2vFdHBnBNdfE49rshrTzDWOlUx4Gq7KOS2GD8eqhy2j+Ejq29+SbKH8yjkAqXqoA==",
        "dependencies": {
          "dequal": "dequal@2.0.3",
          "diff": "diff@5.1.0",
          "kleur": "kleur@4.1.5",
          "sade": "sade@1.8.1"
        }
      },
      "vfile-message@3.1.3": {
        "integrity": "sha512-0yaU+rj2gKAyEk12ffdSbBfjnnj+b1zqTBv3OQCTn8yEB02bsPizwdBPrLJjHnK+cU9EMMcUnNv938XcZIkmdA==",
        "dependencies": {
          "@types/unist": "@types/unist@2.0.6",
          "unist-util-stringify-position": "unist-util-stringify-position@3.0.2"
        }
      },
      "vfile@5.3.6": {
        "integrity": "sha512-ADBsmerdGBs2WYckrLBEmuETSPyTD4TuLxTrw0DvjirxW1ra4ZwkbzG8ndsv3Q57smvHxo677MHaQrY9yxH8cA==",
        "dependencies": {
          "@types/unist": "@types/unist@2.0.6",
          "is-buffer": "is-buffer@2.0.5",
          "unist-util-stringify-position": "unist-util-stringify-position@3.0.2",
          "vfile-message": "vfile-message@3.1.3"
        }
      },
      "zwitch@2.0.4": {
        "integrity": "sha512-bXE4cR/kVZhKZX/RjPEflHaKVhUVl85noU3v6b8apfQEc1x4A+zBxjZ4lN8LqGd6WZ3dl98pY4o717VFmoPp+A==",
        "dependencies": {}
      }
    }
  }
}
